// !$*UTF8*$!
{
	archiveVersion = 1;
	classes = {
	};
	objectVersion = 50;
	objects = {

/* Begin PBXBuildFile section */
		ED1DDA762284F86E00E1072B /* AppDelegate.swift in Sources */ = {isa = PBXBuildFile; fileRef = ED1DDA752284F86E00E1072B /* AppDelegate.swift */; };
		ED1DDA782284F86E00E1072B /* ToDoListViewController.swift in Sources */ = {isa = PBXBuildFile; fileRef = ED1DDA772284F86E00E1072B /* ToDoListViewController.swift */; };
		ED1DDA7B2284F86E00E1072B /* Main.storyboard in Resources */ = {isa = PBXBuildFile; fileRef = ED1DDA792284F86E00E1072B /* Main.storyboard */; };
		ED1DDA7D2284F86F00E1072B /* Assets.xcassets in Resources */ = {isa = PBXBuildFile; fileRef = ED1DDA7C2284F86F00E1072B /* Assets.xcassets */; };
		ED1DDA802284F86F00E1072B /* LaunchScreen.storyboard in Resources */ = {isa = PBXBuildFile; fileRef = ED1DDA7E2284F86F00E1072B /* LaunchScreen.storyboard */; };
		ED3AF84622A2C65D0099E17B /* Item.swift in Sources */ = {isa = PBXBuildFile; fileRef = ED3AF84522A2C65D0099E17B /* Item.swift */; };
/* End PBXBuildFile section */

/* Begin PBXFileReference section */
		ED1DDA722284F86E00E1072B /* Todoey App.app */ = {isa = PBXFileReference; explicitFileType = wrapper.application; includeInIndex = 0; path = "Todoey App.app"; sourceTree = BUILT_PRODUCTS_DIR; };
		ED1DDA752284F86E00E1072B /* AppDelegate.swift */ = {isa = PBXFileReference; lastKnownFileType = sourcecode.swift; path = AppDelegate.swift; sourceTree = "<group>"; };
		ED1DDA772284F86E00E1072B /* ToDoListViewController.swift */ = {isa = PBXFileReference; lastKnownFileType = sourcecode.swift; path = ToDoListViewController.swift; sourceTree = "<group>"; };
		ED1DDA7A2284F86E00E1072B /* Base */ = {isa = PBXFileReference; lastKnownFileType = file.storyboard; name = Base; path = Base.lproj/Main.storyboard; sourceTree = "<group>"; };
		ED1DDA7C2284F86F00E1072B /* Assets.xcassets */ = {isa = PBXFileReference; lastKnownFileType = folder.assetcatalog; path = Assets.xcassets; sourceTree = "<group>"; };
		ED1DDA7F2284F86F00E1072B /* Base */ = {isa = PBXFileReference; lastKnownFileType = file.storyboard; name = Base; path = Base.lproj/LaunchScreen.storyboard; sourceTree = "<group>"; };
		ED1DDA812284F86F00E1072B /* Info.plist */ = {isa = PBXFileReference; lastKnownFileType = text.plist.xml; path = Info.plist; sourceTree = "<group>"; };
		ED3AF84522A2C65D0099E17B /* Item.swift */ = {isa = PBXFileReference; lastKnownFileType = sourcecode.swift; path = Item.swift; sourceTree = "<group>"; };
/* End PBXFileReference section */

/* Begin PBXFrameworksBuildPhase section */
		ED1DDA6F2284F86E00E1072B /* Frameworks */ = {
			isa = PBXFrameworksBuildPhase;
			buildActionMask = 2147483647;
			files = (
			);
			runOnlyForDeploymentPostprocessing = 0;
		};
/* End PBXFrameworksBuildPhase section */

/* Begin PBXGroup section */
		ED1DDA692284F86E00E1072B = {
			isa = PBXGroup;
			children = (
				ED1DDA742284F86E00E1072B /* Todoey App */,
				ED1DDA732284F86E00E1072B /* Products */,
			);
			sourceTree = "<group>";
		};
		ED1DDA732284F86E00E1072B /* Products */ = {
			isa = PBXGroup;
			children = (
				ED1DDA722284F86E00E1072B /* Todoey App.app */,
			);
			name = Products;
			sourceTree = "<group>";
		};
		ED1DDA742284F86E00E1072B /* Todoey App */ = {
			isa = PBXGroup;
			children = (
				ED1DDA752284F86E00E1072B /* AppDelegate.swift */,
				ED3AF84822A2C70D0099E17B /* Controllers */,
				ED3AF84722A2C6700099E17B /* Data Model */,
				ED3AF84922A2C71A0099E17B /* Views */,
				ED3AF84A22A2C77F0099E17B /* Supporting Files */,
				ED1DDA812284F86F00E1072B /* Info.plist */,
			);
			path = "Todoey App";
			sourceTree = "<group>";
		};
		ED3AF84722A2C6700099E17B /* Data Model */ = {
			isa = PBXGroup;
			children = (
				ED3AF84522A2C65D0099E17B /* Item.swift */,
			);
			path = "Data Model";
			sourceTree = "<group>";
		};
		ED3AF84822A2C70D0099E17B /* Controllers */ = {
			isa = PBXGroup;
			children = (
				ED1DDA772284F86E00E1072B /* ToDoListViewController.swift */,
			);
			path = Controllers;
			sourceTree = "<group>";
		};
		ED3AF84922A2C71A0099E17B /* Views */ = {
			isa = PBXGroup;
			children = (
				ED1DDA792284F86E00E1072B /* Main.storyboard */,
			);
			path = Views;
			sourceTree = "<group>";
		};
		ED3AF84A22A2C77F0099E17B /* Supporting Files */ = {
			isa = PBXGroup;
			children = (
				ED1DDA7E2284F86F00E1072B /* LaunchScreen.storyboard */,
				ED1DDA7C2284F86F00E1072B /* Assets.xcassets */,
			);
			path = "Supporting Files";
			sourceTree = "<group>";
		};
/* End PBXGroup section */

/* Begin PBXNativeTarget section */
		ED1DDA712284F86E00E1072B /* Todoey App */ = {
			isa = PBXNativeTarget;
			buildConfigurationList = ED1DDA842284F86F00E1072B /* Build configuration list for PBXNativeTarget "Todoey App" */;
			buildPhases = (
				ED1DDA6E2284F86E00E1072B /* Sources */,
				ED1DDA6F2284F86E00E1072B /* Frameworks */,
				ED1DDA702284F86E00E1072B /* Resources */,
			);
			buildRules = (
			);
			dependencies = (
			);
			name = "Todoey App";
			productName = "Todoey App";
			productReference = ED1DDA722284F86E00E1072B /* Todoey App.app */;
			productType = "com.apple.product-type.application";
		};
/* End PBXNativeTarget section */

/* Begin PBXProject section */
		ED1DDA6A2284F86E00E1072B /* Project object */ = {
			isa = PBXProject;
			attributes = {
				LastSwiftUpdateCheck = 1010;
				LastUpgradeCheck = 1010;
				ORGANIZATIONNAME = "Rajagopal Srinivasan";
				TargetAttributes = {
					ED1DDA712284F86E00E1072B = {
						CreatedOnToolsVersion = 10.1;
					};
				};
			};
			buildConfigurationList = ED1DDA6D2284F86E00E1072B /* Build configuration list for PBXProject "Todoey App" */;
			compatibilityVersion = "Xcode 9.3";
			developmentRegion = en;
			hasScannedForEncodings = 0;
			knownRegions = (
				en,
				Base,
			);
			mainGroup = ED1DDA692284F86E00E1072B;
			productRefGroup = ED1DDA732284F86E00E1072B /* Products */;
			projectDirPath = "";
			projectRoot = "";
			targets = (
				ED1DDA712284F86E00E1072B /* Todoey App */,
			);
		};
/* End PBXProject section */

/* Begin PBXResourcesBuildPhase section */
		ED1DDA702284F86E00E1072B /* Resources */ = {
			isa = PBXResourcesBuildPhase;
			buildActionMask = 2147483647;
			files = (
				ED1DDA802284F86F00E1072B /* LaunchScreen.storyboard in Resources */,
				ED1DDA7D2284F86F00E1072B /* Assets.xcassets in Resources */,
				ED1DDA7B2284F86E00E1072B /* Main.storyboard in Resources */,
			);
			runOnlyForDeploymentPostprocessing = 0;
		};
/* End PBXResourcesBuildPhase section */

/* Begin PBXSourcesBuildPhase section */
		ED1DDA6E2284F86E00E1072B /* Sources */ = {
			isa = PBXSourcesBuildPhase;
			buildActionMask = 2147483647;
			files = (
				ED1DDA782284F86E00E1072B /* ToDoListViewController.swift in Sources */,
				ED3AF84622A2C65D0099E17B /* Item.swift in Sources */,
				ED1DDA762284F86E00E1072B /* AppDelegate.swift in Sources */,
			);
			runOnlyForDeploymentPostprocessing = 0;
		};
/* End PBXSourcesBuildPhase section */

/* Begin PBXVariantGroup section */
		ED1DDA792284F86E00E1072B /* Main.storyboard */ = {
			isa = PBXVariantGroup;
			children = (
				ED1DDA7A2284F86E00E1072B /* Base */,
			);
			name = Main.storyboard;
			sourceTree = "<group>";
		};
		ED1DDA7E2284F86F00E1072B /* LaunchScreen.storyboard */ = {
			isa = PBXVariantGroup;
			children = (
				ED1DDA7F2284F86F00E1072B /* Base */,
			);
			name = LaunchScreen.storyboard;
			sourceTree = "<group>";
		};
/* End PBXVariantGroup section */

/* Begin XCBuildConfiguration section */
		ED1DDA822284F86F00E1072B /* Debug */ = {
			isa = XCBuildConfiguration;
			buildSettings = {
				ALWAYS_SEARCH_USER_PATHS = NO;
				CLANG_ANALYZER_NONNULL = YES;
				CLANG_ANALYZER_NUMBER_OBJECT_CONVERSION = YES_AGGRESSIVE;
				CLANG_CXX_LANGUAGE_STANDARD = "gnu++14";
				CLANG_CXX_LIBRARY = "libc++";
				CLANG_ENABLE_MODULES = YES;
				CLANG_ENABLE_OBJC_ARC = YES;
				CLANG_ENABLE_OBJC_WEAK = YES;
				CLANG_WARN_BLOCK_CAPTURE_AUTORELEASING = YES;
				CLANG_WARN_BOOL_CONVERSION = YES;
				CLANG_WARN_COMMA = YES;
				CLANG_WARN_CONSTANT_CONVERSION = YES;
				CLANG_WARN_DEPRECATED_OBJC_IMPLEMENTATIONS = YES;
				CLANG_WARN_DIRECT_OBJC_ISA_USAGE = YES_ERROR;
				CLANG_WARN_DOCUMENTATION_COMMENTS = YES;
				CLANG_WARN_EMPTY_BODY = YES;
				CLANG_WARN_ENUM_CONVERSION = YES;
				CLANG_WARN_INFINITE_RECURSION = YES;
				CLANG_WARN_INT_CONVERSION = YES;
				CLANG_WARN_NON_LITERAL_NULL_CONVERSION = YES;
				CLANG_WARN_OBJC_IMPLICIT_RETAIN_SELF = YES;
				CLANG_WARN_OBJC_LITERAL_CONVERSION = YES;
				CLANG_WARN_OBJC_ROOT_CLASS = YES_ERROR;
				CLANG_WARN_RANGE_LOOP_ANALYSIS = YES;
				CLANG_WARN_STRICT_PROTOTYPES = YES;
				CLANG_WARN_SUSPICIOUS_MOVE = YES;
				CLANG_WARN_UNGUARDED_AVAILABILITY = YES_AGGRESSIVE;
				CLANG_WARN_UNREACHABLE_CODE = YES;
				CLANG_WARN__DUPLICATE_METHOD_MATCH = YES;
				CODE_SIGN_IDENTITY = "iPhone Developer";
				COPY_PHASE_STRIP = NO;
				DEBUG_INFORMATION_FORMAT = dwarf;
				ENABLE_STRICT_OBJC_MSGSEND = YES;
				ENABLE_TESTABILITY = YES;
				GCC_C_LANGUAGE_STANDARD = gnu11;
				GCC_DYNAMIC_NO_PIC = NO;
				GCC_NO_COMMON_BLOCKS = YES;
				GCC_OPTIMIZATION_LEVEL = 0;
				GCC_PREPROCESSOR_DEFINITIONS = (
					"DEBUG=1",
					"$(inherited)",
				);
				GCC_WARN_64_TO_32_BIT_CONVERSION = YES;
				GCC_WARN_ABOUT_RETURN_TYPE = YES_ERROR;
				GCC_WARN_UNDECLARED_SELECTOR = YES;
				GCC_WARN_UNINITIALIZED_AUTOS = YES_AGGRESSIVE;
				GCC_WARN_UNUSED_FUNCTION = YES;
				GCC_WARN_UNUSED_VARIABLE = YES;
				IPHONEOS_DEPLOYMENT_TARGET = 12.1;
				MTL_ENABLE_DEBUG_INFO = INCLUDE_SOURCE;
				MTL_FAST_MATH = YES;
				ONLY_ACTIVE_ARCH = YES;
				SDKROOT = iphoneos;
				SWIFT_ACTIVE_COMPILATION_CONDITIONS = DEBUG;
				SWIFT_OPTIMIZATION_LEVEL = "-Onone";
			};
			name = Debug;
		};
		ED1DDA832284F86F00E1072B /* Release */ = {
			isa = XCBuildConfiguration;
			buildSettings = {
				ALWAYS_SEARCH_USER_PATHS = NO;
				CLANG_ANALYZER_NONNULL = YES;
				CLANG_ANALYZER_NUMBER_OBJECT_CONVERSION = YES_AGGRESSIVE;
				CLANG_CXX_LANGUAGE_STANDARD = "gnu++14";
				CLANG_CXX_LIBRARY = "libc++";
				CLANG_ENABLE_MODULES = YES;
				CLANG_ENABLE_OBJC_ARC = YES;
				CLANG_ENABLE_OBJC_WEAK = YES;
				CLANG_WARN_BLOCK_CAPTURE_AUTORELEASING = YES;
				CLANG_WARN_BOOL_CONVERSION = YES;
				CLANG_WARN_COMMA = YES;
				CLANG_WARN_CONSTANT_CONVERSION = YES;
				CLANG_WARN_DEPRECATED_OBJC_IMPLEMENTATIONS = YES;
				CLANG_WARN_DIRECT_OBJC_ISA_USAGE = YES_ERROR;
				CLANG_WARN_DOCUMENTATION_COMMENTS = YES;
				CLANG_WARN_EMPTY_BODY = YES;
				CLANG_WARN_ENUM_CONVERSION = YES;
				CLANG_WARN_INFINITE_RECURSION = YES;
				CLANG_WARN_INT_CONVERSION = YES;
				CLANG_WARN_NON_LITERAL_NULL_CONVERSION = YES;
				CLANG_WARN_OBJC_IMPLICIT_RETAIN_SELF = YES;
				CLANG_WARN_OBJC_LITERAL_CONVERSION = YES;
				CLANG_WARN_OBJC_ROOT_CLASS = YES_ERROR;
				CLANG_WARN_RANGE_LOOP_ANALYSIS = YES;
				CLANG_WARN_STRICT_PROTOTYPES = YES;
				CLANG_WARN_SUSPICIOUS_MOVE = YES;
				CLANG_WARN_UNGUARDED_AVAILABILITY = YES_AGGRESSIVE;
				CLANG_WARN_UNREACHABLE_CODE = YES;
				CLANG_WARN__DUPLICATE_METHOD_MATCH = YES;
				CODE_SIGN_IDENTITY = "iPhone Developer";
				COPY_PHASE_STRIP = NO;
				DEBUG_INFORMATION_FORMAT = "dwarf-with-dsym";
				ENABLE_NS_ASSERTIONS = NO;
				ENABLE_STRICT_OBJC_MSGSEND = YES;
				GCC_C_LANGUAGE_STANDARD = gnu11;
				GCC_NO_COMMON_BLOCKS = YES;
				GCC_WARN_64_TO_32_BIT_CONVERSION = YES;
				GCC_WARN_ABOUT_RETURN_TYPE = YES_ERROR;
				GCC_WARN_UNDECLARED_SELECTOR = YES;
				GCC_WARN_UNINITIALIZED_AUTOS = YES_AGGRESSIVE;
				GCC_WARN_UNUSED_FUNCTION = YES;
				GCC_WARN_UNUSED_VARIABLE = YES;
				IPHONEOS_DEPLOYMENT_TARGET = 12.1;
				MTL_ENABLE_DEBUG_INFO = NO;
				MTL_FAST_MATH = YES;
				SDKROOT = iphoneos;
				SWIFT_COMPILATION_MODE = wholemodule;
				SWIFT_OPTIMIZATION_LEVEL = "-O";
				VALIDATE_PRODUCT = YES;
			};
			name = Release;
		};
		ED1DDA852284F86F00E1072B /* Debug */ = {
			isa = XCBuildConfiguration;
			buildSettings = {
				ASSETCATALOG_COMPILER_APPICON_NAME = AppIcon;
				CODE_SIGN_STYLE = Automatic;
				DEVELOPMENT_TEAM = 8K462NK3Q9;
				INFOPLIST_FILE = "Todoey App/Info.plist";
				LD_RUNPATH_SEARCH_PATHS = (
					"$(inherited)",
					"@executable_path/Frameworks",
				);
				PRODUCT_BUNDLE_IDENTIFIER = "com.rajiosdev.Todoey-App";
				PRODUCT_NAME = "$(TARGET_NAME)";
				SWIFT_VERSION = 4.2;
				TARGETED_DEVICE_FAMILY = "1,2";
			};
			name = Debug;
		};
		ED1DDA862284F86F00E1072B /* Release */ = {
			isa = XCBuildConfiguration;
			buildSettings = {
				ASSETCATALOG_COMPILER_APPICON_NAME = AppIcon;
				CODE_SIGN_STYLE = Automatic;
				DEVELOPMENT_TEAM = 8K462NK3Q9;
				INFOPLIST_FILE = "Todoey App/Info.plist";
				LD_RUNPATH_SEARCH_PATHS = (
					"$(inherited)",
					"@executable_path/Frameworks",
				);
				PRODUCT_BUNDLE_IDENTIFIER = "com.rajiosdev.Todoey-App";
				PRODUCT_NAME = "$(TARGET_NAME)";
				SWIFT_VERSION = 4.2;
				TARGETED_DEVICE_FAMILY = "1,2";
			};
			name = Release;
		};
/* End XCBuildConfiguration section */

/* Begin XCConfigurationList section */
		ED1DDA6D2284F86E00E1072B /* Build configuration list for PBXProject "Todoey App" */ = {
			isa = XCConfigurationList;
			buildConfigurations = (
				ED1DDA822284F86F00E1072B /* Debug */,
				ED1DDA832284F86F00E1072B /* Release */,
			);
			defaultConfigurationIsVisible = 0;
			defaultConfigurationName = Release;
		};
		ED1DDA842284F86F00E1072B /* Build configuration list for PBXNativeTarget "Todoey App" */ = {
			isa = XCConfigurationList;
			buildConfigurations = (
				ED1DDA852284F86F00E1072B /* Debug */,
				ED1DDA862284F86F00E1072B /* Release */,
			);
			defaultConfigurationIsVisible = 0;
			defaultConfigurationName = Release;
		};
/* End XCConfigurationList section */
	};
	rootObject = ED1DDA6A2284F86E00E1072B /* Project object */;
}
